
Microsoft Visual Studio Solution File, Format Version 12.00
# Visual Studio Version 16
VisualStudioVersion = 16.0.29728.190
MinimumVisualStudioVersion = 10.0.40219.1
Project("{FAE04EC0-301F-11D3-BF4B-00C04F79EFBC}") = "ShopWeb", "ShopWeb\ShopWeb.csproj", "{3FFFC2E2-0410-4611-ACCD-83BA1104AD84}"
EndProject
Global
	GlobalSection(SolutionConfigurationPlatforms) = preSolution
		Debug|Any CPU = Debug|Any CPU
		Release|Any CPU = Release|Any CPU
	EndGlobalSection
	GlobalSection(ProjectConfigurationPlatforms) = postSolution
		{3FFFC2E2-0410-4611-ACCD-83BA1104AD84}.Debug|Any CPU.ActiveCfg = Debug|Any CPU
		{3FFFC2E2-0410-4611-ACCD-83BA1104AD84}.Debug|Any CPU.Build.0 = Debug|Any CPU
		{3FFFC2E2-0410-4611-ACCD-83BA1104AD84}.Release|Any CPU.ActiveCfg = Release|Any CPU
		{3FFFC2E2-0410-4611-ACCD-83BA1104AD84}.Release|Any CPU.Build.0 = Release|Any CPU
	EndGlobalSection
	GlobalSection(SolutionProperties) = preSolution
		HideSolutionNode = FALSE
	EndGlobalSection
	GlobalSection(ExtensibilityGlobals) = postSolution
		SolutionGuid = {1EE09231-C618-4AC0-98D6-D606289232C6}
	EndGlobalSection
EndGlobal
